PODS:
  - Kingfisher (5.8.3):
    - Kingfisher/Core (= 5.8.3)
  - Kingfisher/Core (5.8.3)
  - RxBlocking (5.0.0):
    - RxSwift (~> 5)
  - RxCocoa (5.0.0):
    - RxRelay (~> 5)
    - RxSwift (~> 5)
  - RxGesture (3.0.1):
    - RxCocoa (~> 5.0)
    - RxSwift (~> 5.0)
  - RxOptional (4.0.0):
    - RxCocoa (~> 5)
    - RxSwift (~> 5)
  - RxRelay (5.0.0):
    - RxSwift (~> 5)
  - RxSwift (5.0.0)

DEPENDENCIES:
  - Kingfisher
  - RxBlocking
  - RxCocoa
  - RxGesture
  - RxOptional
  - RxSwift

SPEC REPOS:
  trunk:
    - Kingfisher
    - RxBlocking
    - RxCocoa
    - RxGesture
    - RxOptional
    - RxRelay
    - RxSwift

SPEC CHECKSUMS:
  Kingfisher: b7e4cb65ff24c264bd2a1284b75b974d907afd94
  RxBlocking: c67185d26498ea3cbe3e121917c3c16739e43123
  RxCocoa: fcf32050ac00d801f34a7f71d5e8e7f23026dcd8
  RxGesture: a3f8dd6adf078110ed5e1c9c30d09d705a09852e
  RxOptional: 9904e2219d59260c3c171273d475b2126de187e8
  RxRelay: 4f7409406a51a55cd88483f21ed898c234d60f18
  RxSwift: 8b0671caa829a763bbce7271095859121cbd895f

PODFILE CHECKSUM: 24a9ef290bfe5367ce6fc57e1afce674f101ea1f

COCOAPODS: 1.8.3
